
Microsoft Visual Studio Solution File, Format Version 12.00
# Visual Studio Version 16
VisualStudioVersion = 16.0.32510.428
MinimumVisualStudioVersion = 10.0.40219.1
Project("{888888A0-9F3D-457C-B088-3A5042F75D52}") = "ITMO.PythonLearning", "ITMO.PythonLearning.pyproj", "{564B40FE-216D-4976-ABCC-C870DEE8A6AD}"
EndProject
Global
	GlobalSection(SolutionConfigurationPlatforms) = preSolution
		Debug|Any CPU = Debug|Any CPU
		Release|Any CPU = Release|Any CPU
	EndGlobalSection
	GlobalSection(ProjectConfigurationPlatforms) = postSolution
		{564B40FE-216D-4976-ABCC-C870DEE8A6AD}.Debug|Any CPU.ActiveCfg = Debug|Any CPU
		{564B40FE-216D-4976-ABCC-C870DEE8A6AD}.Release|Any CPU.ActiveCfg = Release|Any CPU
	EndGlobalSection
	GlobalSection(SolutionProperties) = preSolution
		HideSolutionNode = FALSE
	EndGlobalSection
	GlobalSection(ExtensibilityGlobals) = postSolution
		SolutionGuid = {314DB7DA-5AEC-476A-94B2-D6D23716F41A}
	EndGlobalSection
EndGlobal
